
Microsoft Visual Studio Solution File, Format Version 12.00
# Visual Studio 15
VisualStudioVersion = 15.0.27130.2010
MinimumVisualStudioVersion = 10.0.40219.1
Project("{FAE04EC0-301F-11D3-BF4B-00C04F79EFBC}") = "MovieBase", "MovieBase\MovieBase.csproj", "{C625EEF0-3C95-48E7-AE39-E9FE1761AC9C}"
EndProject
Global
	GlobalSection(SolutionConfigurationPlatforms) = preSolution
		Debug|Any CPU = Debug|Any CPU
		Release|Any CPU = Release|Any CPU
	EndGlobalSection
	GlobalSection(ProjectConfigurationPlatforms) = postSolution
		{C625EEF0-3C95-48E7-AE39-E9FE1761AC9C}.Debug|Any CPU.ActiveCfg = Debug|Any CPU
		{C625EEF0-3C95-48E7-AE39-E9FE1761AC9C}.Debug|Any CPU.Build.0 = Debug|Any CPU
		{C625EEF0-3C95-48E7-AE39-E9FE1761AC9C}.Release|Any CPU.ActiveCfg = Release|Any CPU
		{C625EEF0-3C95-48E7-AE39-E9FE1761AC9C}.Release|Any CPU.Build.0 = Release|Any CPU
	EndGlobalSection
	GlobalSection(SolutionProperties) = preSolution
		HideSolutionNode = FALSE
	EndGlobalSection
	GlobalSection(ExtensibilityGlobals) = postSolution
		SolutionGuid = {C069EAB6-205F-422C-B67B-060BC8C7961A}
	EndGlobalSection
EndGlobal
